// !$*UTF8*$!
{
	archiveVersion = 1;
	classes = {
	};
	objectVersion = 46;
	objects = {

/* Begin PBXBuildFile section */
		5C1CA2FF1F17B09300447529 /* FirstViewController.m in Sources */ = {isa = PBXBuildFile; fileRef = 5C1CA2FE1F17B09300447529 /* FirstViewController.m */; };
		5C1CA3021F17B4AF00447529 /* LoginUserViewController.m in Sources */ = {isa = PBXBuildFile; fileRef = 5C1CA3011F17B4AF00447529 /* LoginUserViewController.m */; };
		5C1CA3051F17B7DF00447529 /* RegisterViewController.m in Sources */ = {isa = PBXBuildFile; fileRef = 5C1CA3041F17B7DF00447529 /* RegisterViewController.m */; };
		5C1CA3081F17B85600447529 /* AcceptedViewController.m in Sources */ = {isa = PBXBuildFile; fileRef = 5C1CA3071F17B85600447529 /* AcceptedViewController.m */; };
		5C1CA30B1F17B97E00447529 /* ResendViewController.m in Sources */ = {isa = PBXBuildFile; fileRef = 5C1CA30A1F17B97E00447529 /* ResendViewController.m */; };
		5C1CA30E1F17E21D00447529 /* CALayer+XibConfiguration.m in Sources */ = {isa = PBXBuildFile; fileRef = 5C1CA30D1F17E21D00447529 /* CALayer+XibConfiguration.m */; };
		5C781BE91F1B335D007B5660 /* CustomTableCell.m in Sources */ = {isa = PBXBuildFile; fileRef = 5C781BE71F1B335D007B5660 /* CustomTableCell.m */; };
		5C781BEA1F1B335D007B5660 /* CustomTableCell.xib in Resources */ = {isa = PBXBuildFile; fileRef = 5C781BE81F1B335D007B5660 /* CustomTableCell.xib */; };
		5C8A6FDC1F18FB7300877EFD /* menu.png in Resources */ = {isa = PBXBuildFile; fileRef = 5C8A6FD91F18FB7300877EFD /* menu.png */; };
		5C8A6FDD1F18FB7300877EFD /* menu2x.png in Resources */ = {isa = PBXBuildFile; fileRef = 5C8A6FDA1F18FB7300877EFD /* menu2x.png */; };
		5C8A6FDE1F18FB7300877EFD /* menu3x.png in Resources */ = {isa = PBXBuildFile; fileRef = 5C8A6FDB1F18FB7300877EFD /* menu3x.png */; };
		5C8A6FE11F19C9C200877EFD /* DashboardViewController.m in Sources */ = {isa = PBXBuildFile; fileRef = 5C8A6FE01F19C9C200877EFD /* DashboardViewController.m */; };
		5C8A6FE41F19CA2300877EFD /* ProfileViewController.m in Sources */ = {isa = PBXBuildFile; fileRef = 5C8A6FE31F19CA2300877EFD /* ProfileViewController.m */; };
		5C8A6FE71F19CB4000877EFD /* MenuViewController.m in Sources */ = {isa = PBXBuildFile; fileRef = 5C8A6FE61F19CB4000877EFD /* MenuViewController.m */; };
		5C8A70401F1A393800877EFD /* FSCalendar.m in Sources */ = {isa = PBXBuildFile; fileRef = 5C8A70211F1A393800877EFD /* FSCalendar.m */; };
		5C8A70411F1A393800877EFD /* FSCalendar+Deprecated.m in Sources */ = {isa = PBXBuildFile; fileRef = 5C8A70221F1A393800877EFD /* FSCalendar+Deprecated.m */; };
		5C8A70421F1A393800877EFD /* FSCalendarAppearance.m in Sources */ = {isa = PBXBuildFile; fileRef = 5C8A70241F1A393800877EFD /* FSCalendarAppearance.m */; };
		5C8A70431F1A393800877EFD /* FSCalendarCalculator.m in Sources */ = {isa = PBXBuildFile; fileRef = 5C8A70261F1A393800877EFD /* FSCalendarCalculator.m */; };
		5C8A70441F1A393800877EFD /* FSCalendarCell.m in Sources */ = {isa = PBXBuildFile; fileRef = 5C8A70281F1A393800877EFD /* FSCalendarCell.m */; };
		5C8A70451F1A393800877EFD /* FSCalendarCollectionView.m in Sources */ = {isa = PBXBuildFile; fileRef = 5C8A702A1F1A393800877EFD /* FSCalendarCollectionView.m */; };
		5C8A70461F1A393800877EFD /* FSCalendarCollectionViewLayout.m in Sources */ = {isa = PBXBuildFile; fileRef = 5C8A702C1F1A393800877EFD /* FSCalendarCollectionViewLayout.m */; };
		5C8A70471F1A393800877EFD /* FSCalendarConstants.m in Sources */ = {isa = PBXBuildFile; fileRef = 5C8A702E1F1A393800877EFD /* FSCalendarConstants.m */; };
		5C8A70481F1A393800877EFD /* FSCalendarDelegationFactory.m in Sources */ = {isa = PBXBuildFile; fileRef = 5C8A70301F1A393800877EFD /* FSCalendarDelegationFactory.m */; };
		5C8A70491F1A393800877EFD /* FSCalendarDelegationProxy.m in Sources */ = {isa = PBXBuildFile; fileRef = 5C8A70321F1A393800877EFD /* FSCalendarDelegationProxy.m */; };
		5C8A704A1F1A393800877EFD /* FSCalendarExtensions.m in Sources */ = {isa = PBXBuildFile; fileRef = 5C8A70351F1A393800877EFD /* FSCalendarExtensions.m */; };
		5C8A704B1F1A393800877EFD /* FSCalendarHeaderView.m in Sources */ = {isa = PBXBuildFile; fileRef = 5C8A70371F1A393800877EFD /* FSCalendarHeaderView.m */; };
		5C8A704C1F1A393800877EFD /* FSCalendarScopeHandle.m in Sources */ = {isa = PBXBuildFile; fileRef = 5C8A70391F1A393800877EFD /* FSCalendarScopeHandle.m */; };
		5C8A704D1F1A393800877EFD /* FSCalendarStickyHeader.m in Sources */ = {isa = PBXBuildFile; fileRef = 5C8A703B1F1A393800877EFD /* FSCalendarStickyHeader.m */; };
		5C8A704E1F1A393800877EFD /* FSCalendarTransitionCoordinator.m in Sources */ = {isa = PBXBuildFile; fileRef = 5C8A703D1F1A393800877EFD /* FSCalendarTransitionCoordinator.m */; };
		5C8A704F1F1A393800877EFD /* FSCalendarWeekdayView.m in Sources */ = {isa = PBXBuildFile; fileRef = 5C8A703F1F1A393800877EFD /* FSCalendarWeekdayView.m */; };
		5C8A70521F1A890300877EFD /* ListRequestsViewController.m in Sources */ = {isa = PBXBuildFile; fileRef = 5C8A70511F1A890300877EFD /* ListRequestsViewController.m */; };
		5CCDCD601F0E95B900FAFEC5 /* main.m in Sources */ = {isa = PBXBuildFile; fileRef = 5CCDCD5F1F0E95B900FAFEC5 /* main.m */; };
		5CCDCD631F0E95B900FAFEC5 /* AppDelegate.m in Sources */ = {isa = PBXBuildFile; fileRef = 5CCDCD621F0E95B900FAFEC5 /* AppDelegate.m */; };
		5CCDCD661F0E95B900FAFEC5 /* ViewController.m in Sources */ = {isa = PBXBuildFile; fileRef = 5CCDCD651F0E95B900FAFEC5 /* ViewController.m */; };
		5CCDCD691F0E95B900FAFEC5 /* Main.storyboard in Resources */ = {isa = PBXBuildFile; fileRef = 5CCDCD671F0E95B900FAFEC5 /* Main.storyboard */; };
		5CCDCD6B1F0E95B900FAFEC5 /* Assets.xcassets in Resources */ = {isa = PBXBuildFile; fileRef = 5CCDCD6A1F0E95B900FAFEC5 /* Assets.xcassets */; };
		5CCDCD6E1F0E95B900FAFEC5 /* LaunchScreen.storyboard in Resources */ = {isa = PBXBuildFile; fileRef = 5CCDCD6C1F0E95B900FAFEC5 /* LaunchScreen.storyboard */; };
/* End PBXBuildFile section */

/* Begin PBXFileReference section */
		5C1CA2FD1F17B09300447529 /* FirstViewController.h */ = {isa = PBXFileReference; fileEncoding = 4; lastKnownFileType = sourcecode.c.h; path = FirstViewController.h; sourceTree = "<group>"; };
		5C1CA2FE1F17B09300447529 /* FirstViewController.m */ = {isa = PBXFileReference; fileEncoding = 4; lastKnownFileType = sourcecode.c.objc; path = FirstViewController.m; sourceTree = "<group>"; };
		5C1CA3001F17B4AF00447529 /* LoginUserViewController.h */ = {isa = PBXFileReference; fileEncoding = 4; lastKnownFileType = sourcecode.c.h; path = LoginUserViewController.h; sourceTree = "<group>"; };
		5C1CA3011F17B4AF00447529 /* LoginUserViewController.m */ = {isa = PBXFileReference; fileEncoding = 4; lastKnownFileType = sourcecode.c.objc; path = LoginUserViewController.m; sourceTree = "<group>"; };
		5C1CA3031F17B7DF00447529 /* RegisterViewController.h */ = {isa = PBXFileReference; fileEncoding = 4; lastKnownFileType = sourcecode.c.h; path = RegisterViewController.h; sourceTree = "<group>"; };
		5C1CA3041F17B7DF00447529 /* RegisterViewController.m */ = {isa = PBXFileReference; fileEncoding = 4; lastKnownFileType = sourcecode.c.objc; path = RegisterViewController.m; sourceTree = "<group>"; };
		5C1CA3061F17B85600447529 /* AcceptedViewController.h */ = {isa = PBXFileReference; fileEncoding = 4; lastKnownFileType = sourcecode.c.h; path = AcceptedViewController.h; sourceTree = "<group>"; };
		5C1CA3071F17B85600447529 /* AcceptedViewController.m */ = {isa = PBXFileReference; fileEncoding = 4; lastKnownFileType = sourcecode.c.objc; path = AcceptedViewController.m; sourceTree = "<group>"; };
		5C1CA3091F17B97E00447529 /* ResendViewController.h */ = {isa = PBXFileReference; fileEncoding = 4; lastKnownFileType = sourcecode.c.h; path = ResendViewController.h; sourceTree = "<group>"; };
		5C1CA30A1F17B97E00447529 /* ResendViewController.m */ = {isa = PBXFileReference; fileEncoding = 4; lastKnownFileType = sourcecode.c.objc; path = ResendViewController.m; sourceTree = "<group>"; };
		5C1CA30C1F17E21D00447529 /* CALayer+XibConfiguration.h */ = {isa = PBXFileReference; fileEncoding = 4; lastKnownFileType = sourcecode.c.h; path = "CALayer+XibConfiguration.h"; sourceTree = "<group>"; };
		5C1CA30D1F17E21D00447529 /* CALayer+XibConfiguration.m */ = {isa = PBXFileReference; fileEncoding = 4; lastKnownFileType = sourcecode.c.objc; path = "CALayer+XibConfiguration.m"; sourceTree = "<group>"; };
		5C781BE61F1B335D007B5660 /* CustomTableCell.h */ = {isa = PBXFileReference; fileEncoding = 4; lastKnownFileType = sourcecode.c.h; path = CustomTableCell.h; sourceTree = "<group>"; };
		5C781BE71F1B335D007B5660 /* CustomTableCell.m */ = {isa = PBXFileReference; fileEncoding = 4; lastKnownFileType = sourcecode.c.objc; path = CustomTableCell.m; sourceTree = "<group>"; };
		5C781BE81F1B335D007B5660 /* CustomTableCell.xib */ = {isa = PBXFileReference; fileEncoding = 4; lastKnownFileType = file.xib; path = CustomTableCell.xib; sourceTree = "<group>"; };
		5C8A6FD91F18FB7300877EFD /* menu.png */ = {isa = PBXFileReference; lastKnownFileType = image.png; path = menu.png; sourceTree = "<group>"; };
		5C8A6FDA1F18FB7300877EFD /* menu2x.png */ = {isa = PBXFileReference; lastKnownFileType = image.png; path = menu2x.png; sourceTree = "<group>"; };
		5C8A6FDB1F18FB7300877EFD /* menu3x.png */ = {isa = PBXFileReference; lastKnownFileType = image.png; path = menu3x.png; sourceTree = "<group>"; };
		5C8A6FDF1F19C9C200877EFD /* DashboardViewController.h */ = {isa = PBXFileReference; fileEncoding = 4; lastKnownFileType = sourcecode.c.h; path = DashboardViewController.h; sourceTree = "<group>"; };
		5C8A6FE01F19C9C200877EFD /* DashboardViewController.m */ = {isa = PBXFileReference; fileEncoding = 4; lastKnownFileType = sourcecode.c.objc; path = DashboardViewController.m; sourceTree = "<group>"; };
		5C8A6FE21F19CA2300877EFD /* ProfileViewController.h */ = {isa = PBXFileReference; fileEncoding = 4; lastKnownFileType = sourcecode.c.h; path = ProfileViewController.h; sourceTree = "<group>"; };
		5C8A6FE31F19CA2300877EFD /* ProfileViewController.m */ = {isa = PBXFileReference; fileEncoding = 4; lastKnownFileType = sourcecode.c.objc; path = ProfileViewController.m; sourceTree = "<group>"; };
		5C8A6FE51F19CB4000877EFD /* MenuViewController.h */ = {isa = PBXFileReference; fileEncoding = 4; lastKnownFileType = sourcecode.c.h; path = MenuViewController.h; sourceTree = "<group>"; };
		5C8A6FE61F19CB4000877EFD /* MenuViewController.m */ = {isa = PBXFileReference; fileEncoding = 4; lastKnownFileType = sourcecode.c.objc; path = MenuViewController.m; sourceTree = "<group>"; };
		5C8A70201F1A393800877EFD /* FSCalendar.h */ = {isa = PBXFileReference; fileEncoding = 4; lastKnownFileType = sourcecode.c.h; name = FSCalendar.h; path = FSCalendar/FSCalendar.h; sourceTree = "<group>"; };
		5C8A70211F1A393800877EFD /* FSCalendar.m */ = {isa = PBXFileReference; fileEncoding = 4; lastKnownFileType = sourcecode.c.objc; name = FSCalendar.m; path = FSCalendar/FSCalendar.m; sourceTree = "<group>"; };
		5C8A70221F1A393800877EFD /* FSCalendar+Deprecated.m */ = {isa = PBXFileReference; fileEncoding = 4; lastKnownFileType = sourcecode.c.objc; name = "FSCalendar+Deprecated.m"; path = "FSCalendar/FSCalendar+Deprecated.m"; sourceTree = "<group>"; };
		5C8A70231F1A393800877EFD /* FSCalendarAppearance.h */ = {isa = PBXFileReference; fileEncoding = 4; lastKnownFileType = sourcecode.c.h; name = FSCalendarAppearance.h; path = FSCalendar/FSCalendarAppearance.h; sourceTree = "<group>"; };
		5C8A70241F1A393800877EFD /* FSCalendarAppearance.m */ = {isa = PBXFileReference; fileEncoding = 4; lastKnownFileType = sourcecode.c.objc; name = FSCalendarAppearance.m; path = FSCalendar/FSCalendarAppearance.m; sourceTree = "<group>"; };
		5C8A70251F1A393800877EFD /* FSCalendarCalculator.h */ = {isa = PBXFileReference; fileEncoding = 4; lastKnownFileType = sourcecode.c.h; name = FSCalendarCalculator.h; path = FSCalendar/FSCalendarCalculator.h; sourceTree = "<group>"; };
		5C8A70261F1A393800877EFD /* FSCalendarCalculator.m */ = {isa = PBXFileReference; fileEncoding = 4; lastKnownFileType = sourcecode.c.objc; name = FSCalendarCalculator.m; path = FSCalendar/FSCalendarCalculator.m; sourceTree = "<group>"; };
		5C8A70271F1A393800877EFD /* FSCalendarCell.h */ = {isa = PBXFileReference; fileEncoding = 4; lastKnownFileType = sourcecode.c.h; name = FSCalendarCell.h; path = FSCalendar/FSCalendarCell.h; sourceTree = "<group>"; };
		5C8A70281F1A393800877EFD /* FSCalendarCell.m */ = {isa = PBXFileReference; fileEncoding = 4; lastKnownFileType = sourcecode.c.objc; name = FSCalendarCell.m; path = FSCalendar/FSCalendarCell.m; sourceTree = "<group>"; };
		5C8A70291F1A393800877EFD /* FSCalendarCollectionView.h */ = {isa = PBXFileReference; fileEncoding = 4; lastKnownFileType = sourcecode.c.h; name = FSCalendarCollectionView.h; path = FSCalendar/FSCalendarCollectionView.h; sourceTree = "<group>"; };
		5C8A702A1F1A393800877EFD /* FSCalendarCollectionView.m */ = {isa = PBXFileReference; fileEncoding = 4; lastKnownFileType = sourcecode.c.objc; name = FSCalendarCollectionView.m; path = FSCalendar/FSCalendarCollectionView.m; sourceTree = "<group>"; };
		5C8A702B1F1A393800877EFD /* FSCalendarCollectionViewLayout.h */ = {isa = PBXFileReference; fileEncoding = 4; lastKnownFileType = sourcecode.c.h; name = FSCalendarCollectionViewLayout.h; path = FSCalendar/FSCalendarCollectionViewLayout.h; sourceTree = "<group>"; };
		5C8A702C1F1A393800877EFD /* FSCalendarCollectionViewLayout.m */ = {isa = PBXFileReference; fileEncoding = 4; lastKnownFileType = sourcecode.c.objc; name = FSCalendarCollectionViewLayout.m; path = FSCalendar/FSCalendarCollectionViewLayout.m; sourceTree = "<group>"; };
		5C8A702D1F1A393800877EFD /* FSCalendarConstants.h */ = {isa = PBXFileReference; fileEncoding = 4; lastKnownFileType = sourcecode.c.h; name = FSCalendarConstants.h; path = FSCalendar/FSCalendarConstants.h; sourceTree = "<group>"; };
		5C8A702E1F1A393800877EFD /* FSCalendarConstants.m */ = {isa = PBXFileReference; fileEncoding = 4; lastKnownFileType = sourcecode.c.objc; name = FSCalendarConstants.m; path = FSCalendar/FSCalendarConstants.m; sourceTree = "<group>"; };
		5C8A702F1F1A393800877EFD /* FSCalendarDelegationFactory.h */ = {isa = PBXFileReference; fileEncoding = 4; lastKnownFileType = sourcecode.c.h; name = FSCalendarDelegationFactory.h; path = FSCalendar/FSCalendarDelegationFactory.h; sourceTree = "<group>"; };
		5C8A70301F1A393800877EFD /* FSCalendarDelegationFactory.m */ = {isa = PBXFileReference; fileEncoding = 4; lastKnownFileType = sourcecode.c.objc; name = FSCalendarDelegationFactory.m; path = FSCalendar/FSCalendarDelegationFactory.m; sourceTree = "<group>"; };
		5C8A70311F1A393800877EFD /* FSCalendarDelegationProxy.h */ = {isa = PBXFileReference; fileEncoding = 4; lastKnownFileType = sourcecode.c.h; name = FSCalendarDelegationProxy.h; path = FSCalendar/FSCalendarDelegationProxy.h; sourceTree = "<group>"; };
		5C8A70321F1A393800877EFD /* FSCalendarDelegationProxy.m */ = {isa = PBXFileReference; fileEncoding = 4; lastKnownFileType = sourcecode.c.objc; name = FSCalendarDelegationProxy.m; path = FSCalendar/FSCalendarDelegationProxy.m; sourceTree = "<group>"; };
		5C8A70331F1A393800877EFD /* FSCalendarDynamicHeader.h */ = {isa = PBXFileReference; fileEncoding = 4; lastKnownFileType = sourcecode.c.h; name = FSCalendarDynamicHeader.h; path = FSCalendar/FSCalendarDynamicHeader.h; sourceTree = "<group>"; };
		5C8A70341F1A393800877EFD /* FSCalendarExtensions.h */ = {isa = PBXFileReference; fileEncoding = 4; lastKnownFileType = sourcecode.c.h; name = FSCalendarExtensions.h; path = FSCalendar/FSCalendarExtensions.h; sourceTree = "<group>"; };
		5C8A70351F1A393800877EFD /* FSCalendarExtensions.m */ = {isa = PBXFileReference; fileEncoding = 4; lastKnownFileType = sourcecode.c.objc; name = FSCalendarExtensions.m; path = FSCalendar/FSCalendarExtensions.m; sourceTree = "<group>"; };
		5C8A70361F1A393800877EFD /* FSCalendarHeaderView.h */ = {isa = PBXFileReference; fileEncoding = 4; lastKnownFileType = sourcecode.c.h; name = FSCalendarHeaderView.h; path = FSCalendar/FSCalendarHeaderView.h; sourceTree = "<group>"; };
		5C8A70371F1A393800877EFD /* FSCalendarHeaderView.m */ = {isa = PBXFileReference; fileEncoding = 4; lastKnownFileType = sourcecode.c.objc; name = FSCalendarHeaderView.m; path = FSCalendar/FSCalendarHeaderView.m; sourceTree = "<group>"; };
		5C8A70381F1A393800877EFD /* FSCalendarScopeHandle.h */ = {isa = PBXFileReference; fileEncoding = 4; lastKnownFileType = sourcecode.c.h; name = FSCalendarScopeHandle.h; path = FSCalendar/FSCalendarScopeHandle.h; sourceTree = "<group>"; };
		5C8A70391F1A393800877EFD /* FSCalendarScopeHandle.m */ = {isa = PBXFileReference; fileEncoding = 4; lastKnownFileType = sourcecode.c.objc; name = FSCalendarScopeHandle.m; path = FSCalendar/FSCalendarScopeHandle.m; sourceTree = "<group>"; };
		5C8A703A1F1A393800877EFD /* FSCalendarStickyHeader.h */ = {isa = PBXFileReference; fileEncoding = 4; lastKnownFileType = sourcecode.c.h; name = FSCalendarStickyHeader.h; path = FSCalendar/FSCalendarStickyHeader.h; sourceTree = "<group>"; };
		5C8A703B1F1A393800877EFD /* FSCalendarStickyHeader.m */ = {isa = PBXFileReference; fileEncoding = 4; lastKnownFileType = sourcecode.c.objc; name = FSCalendarStickyHeader.m; path = FSCalendar/FSCalendarStickyHeader.m; sourceTree = "<group>"; };
		5C8A703C1F1A393800877EFD /* FSCalendarTransitionCoordinator.h */ = {isa = PBXFileReference; fileEncoding = 4; lastKnownFileType = sourcecode.c.h; name = FSCalendarTransitionCoordinator.h; path = FSCalendar/FSCalendarTransitionCoordinator.h; sourceTree = "<group>"; };
		5C8A703D1F1A393800877EFD /* FSCalendarTransitionCoordinator.m */ = {isa = PBXFileReference; fileEncoding = 4; lastKnownFileType = sourcecode.c.objc; name = FSCalendarTransitionCoordinator.m; path = FSCalendar/FSCalendarTransitionCoordinator.m; sourceTree = "<group>"; };
		5C8A703E1F1A393800877EFD /* FSCalendarWeekdayView.h */ = {isa = PBXFileReference; fileEncoding = 4; lastKnownFileType = sourcecode.c.h; name = FSCalendarWeekdayView.h; path = FSCalendar/FSCalendarWeekdayView.h; sourceTree = "<group>"; };
		5C8A703F1F1A393800877EFD /* FSCalendarWeekdayView.m */ = {isa = PBXFileReference; fileEncoding = 4; lastKnownFileType = sourcecode.c.objc; name = FSCalendarWeekdayView.m; path = FSCalendar/FSCalendarWeekdayView.m; sourceTree = "<group>"; };
		5C8A70501F1A890300877EFD /* ListRequestsViewController.h */ = {isa = PBXFileReference; fileEncoding = 4; lastKnownFileType = sourcecode.c.h; path = ListRequestsViewController.h; sourceTree = "<group>"; };
		5C8A70511F1A890300877EFD /* ListRequestsViewController.m */ = {isa = PBXFileReference; fileEncoding = 4; lastKnownFileType = sourcecode.c.objc; path = ListRequestsViewController.m; sourceTree = "<group>"; };
		5CCDCD5B1F0E95B900FAFEC5 /* Gamperl.app */ = {isa = PBXFileReference; explicitFileType = wrapper.application; includeInIndex = 0; path = Gamperl.app; sourceTree = BUILT_PRODUCTS_DIR; };
		5CCDCD5F1F0E95B900FAFEC5 /* main.m */ = {isa = PBXFileReference; lastKnownFileType = sourcecode.c.objc; path = main.m; sourceTree = "<group>"; };
		5CCDCD611F0E95B900FAFEC5 /* AppDelegate.h */ = {isa = PBXFileReference; lastKnownFileType = sourcecode.c.h; path = AppDelegate.h; sourceTree = "<group>"; };
		5CCDCD621F0E95B900FAFEC5 /* AppDelegate.m */ = {isa = PBXFileReference; lastKnownFileType = sourcecode.c.objc; path = AppDelegate.m; sourceTree = "<group>"; };
		5CCDCD641F0E95B900FAFEC5 /* ViewController.h */ = {isa = PBXFileReference; lastKnownFileType = sourcecode.c.h; path = ViewController.h; sourceTree = "<group>"; };
		5CCDCD651F0E95B900FAFEC5 /* ViewController.m */ = {isa = PBXFileReference; lastKnownFileType = sourcecode.c.objc; path = ViewController.m; sourceTree = "<group>"; };
		5CCDCD681F0E95B900FAFEC5 /* Base */ = {isa = PBXFileReference; lastKnownFileType = file.storyboard; name = Base; path = Base.lproj/Main.storyboard; sourceTree = "<group>"; };
		5CCDCD6A1F0E95B900FAFEC5 /* Assets.xcassets */ = {isa = PBXFileReference; lastKnownFileType = folder.assetcatalog; path = Assets.xcassets; sourceTree = "<group>"; };
		5CCDCD6D1F0E95B900FAFEC5 /* Base */ = {isa = PBXFileReference; lastKnownFileType = file.storyboard; name = Base; path = Base.lproj/LaunchScreen.storyboard; sourceTree = "<group>"; };
		5CCDCD6F1F0E95B900FAFEC5 /* Info.plist */ = {isa = PBXFileReference; lastKnownFileType = text.plist.xml; path = Info.plist; sourceTree = "<group>"; };
/* End PBXFileReference section */

/* Begin PBXFrameworksBuildPhase section */
		5CCDCD581F0E95B900FAFEC5 /* Frameworks */ = {
			isa = PBXFrameworksBuildPhase;
			buildActionMask = 2147483647;
			files = (
			);
			runOnlyForDeploymentPostprocessing = 0;
		};
/* End PBXFrameworksBuildPhase section */

/* Begin PBXGroup section */
		5C8A701F1F1A391F00877EFD /* FSCalendar */ = {
			isa = PBXGroup;
			children = (
				5C8A70201F1A393800877EFD /* FSCalendar.h */,
				5C8A70211F1A393800877EFD /* FSCalendar.m */,
				5C8A70221F1A393800877EFD /* FSCalendar+Deprecated.m */,
				5C8A70231F1A393800877EFD /* FSCalendarAppearance.h */,
				5C8A70241F1A393800877EFD /* FSCalendarAppearance.m */,
				5C8A70251F1A393800877EFD /* FSCalendarCalculator.h */,
				5C8A70261F1A393800877EFD /* FSCalendarCalculator.m */,
				5C8A70271F1A393800877EFD /* FSCalendarCell.h */,
				5C8A70281F1A393800877EFD /* FSCalendarCell.m */,
				5C8A70291F1A393800877EFD /* FSCalendarCollectionView.h */,
				5C8A702A1F1A393800877EFD /* FSCalendarCollectionView.m */,
				5C8A702B1F1A393800877EFD /* FSCalendarCollectionViewLayout.h */,
				5C8A702C1F1A393800877EFD /* FSCalendarCollectionViewLayout.m */,
				5C8A702D1F1A393800877EFD /* FSCalendarConstants.h */,
				5C8A702E1F1A393800877EFD /* FSCalendarConstants.m */,
				5C8A702F1F1A393800877EFD /* FSCalendarDelegationFactory.h */,
				5C8A70301F1A393800877EFD /* FSCalendarDelegationFactory.m */,
				5C8A70311F1A393800877EFD /* FSCalendarDelegationProxy.h */,
				5C8A70321F1A393800877EFD /* FSCalendarDelegationProxy.m */,
				5C8A70331F1A393800877EFD /* FSCalendarDynamicHeader.h */,
				5C8A70341F1A393800877EFD /* FSCalendarExtensions.h */,
				5C8A70351F1A393800877EFD /* FSCalendarExtensions.m */,
				5C8A70361F1A393800877EFD /* FSCalendarHeaderView.h */,
				5C8A70371F1A393800877EFD /* FSCalendarHeaderView.m */,
				5C8A70381F1A393800877EFD /* FSCalendarScopeHandle.h */,
				5C8A70391F1A393800877EFD /* FSCalendarScopeHandle.m */,
				5C8A703A1F1A393800877EFD /* FSCalendarStickyHeader.h */,
				5C8A703B1F1A393800877EFD /* FSCalendarStickyHeader.m */,
				5C8A703C1F1A393800877EFD /* FSCalendarTransitionCoordinator.h */,
				5C8A703D1F1A393800877EFD /* FSCalendarTransitionCoordinator.m */,
				5C8A703E1F1A393800877EFD /* FSCalendarWeekdayView.h */,
				5C8A703F1F1A393800877EFD /* FSCalendarWeekdayView.m */,
			);
			name = FSCalendar;
			sourceTree = "<group>";
		};
		5CCDCD521F0E95B900FAFEC5 = {
			isa = PBXGroup;
			children = (
				5CCDCD5D1F0E95B900FAFEC5 /* Gamperl */,
				5CCDCD5C1F0E95B900FAFEC5 /* Products */,
			);
			sourceTree = "<group>";
		};
		5CCDCD5C1F0E95B900FAFEC5 /* Products */ = {
			isa = PBXGroup;
			children = (
				5CCDCD5B1F0E95B900FAFEC5 /* Gamperl.app */,
			);
			name = Products;
			sourceTree = "<group>";
		};
		5CCDCD5D1F0E95B900FAFEC5 /* Gamperl */ = {
			isa = PBXGroup;
			children = (
				5CCDCD611F0E95B900FAFEC5 /* AppDelegate.h */,
				5CCDCD621F0E95B900FAFEC5 /* AppDelegate.m */,
				5CCDCD641F0E95B900FAFEC5 /* ViewController.h */,
				5CCDCD651F0E95B900FAFEC5 /* ViewController.m */,
				5C1CA2FD1F17B09300447529 /* FirstViewController.h */,
				5C1CA2FE1F17B09300447529 /* FirstViewController.m */,
				5C1CA3001F17B4AF00447529 /* LoginUserViewController.h */,
				5C1CA3011F17B4AF00447529 /* LoginUserViewController.m */,
				5C1CA3031F17B7DF00447529 /* RegisterViewController.h */,
				5C1CA3041F17B7DF00447529 /* RegisterViewController.m */,
				5C1CA3061F17B85600447529 /* AcceptedViewController.h */,
				5C1CA3071F17B85600447529 /* AcceptedViewController.m */,
				5C1CA3091F17B97E00447529 /* ResendViewController.h */,
				5C1CA30A1F17B97E00447529 /* ResendViewController.m */,
				5C8A6FDF1F19C9C200877EFD /* DashboardViewController.h */,
				5C8A6FE01F19C9C200877EFD /* DashboardViewController.m */,
				5C8A6FE21F19CA2300877EFD /* ProfileViewController.h */,
				5C8A6FE31F19CA2300877EFD /* ProfileViewController.m */,
				5C8A6FE51F19CB4000877EFD /* MenuViewController.h */,
				5C8A6FE61F19CB4000877EFD /* MenuViewController.m */,
				5C8A70501F1A890300877EFD /* ListRequestsViewController.h */,
				5C8A70511F1A890300877EFD /* ListRequestsViewController.m */,
				5C781BE61F1B335D007B5660 /* CustomTableCell.h */,
				5C781BE71F1B335D007B5660 /* CustomTableCell.m */,
				5C781BE81F1B335D007B5660 /* CustomTableCell.xib */,
				5C1CA30C1F17E21D00447529 /* CALayer+XibConfiguration.h */,
				5C1CA30D1F17E21D00447529 /* CALayer+XibConfiguration.m */,
				5CCDCD671F0E95B900FAFEC5 /* Main.storyboard */,
				5CCDCD6A1F0E95B900FAFEC5 /* Assets.xcassets */,
				5C8A701F1F1A391F00877EFD /* FSCalendar */,
				5CCDCD751F0E97A400FAFEC5 /* Resource */,
				5CCDCD6C1F0E95B900FAFEC5 /* LaunchScreen.storyboard */,
				5CCDCD6F1F0E95B900FAFEC5 /* Info.plist */,
				5CCDCD5E1F0E95B900FAFEC5 /* Supporting Files */,
			);
			path = Gamperl;
			sourceTree = "<group>";
		};
		5CCDCD5E1F0E95B900FAFEC5 /* Supporting Files */ = {
			isa = PBXGroup;
			children = (
				5CCDCD5F1F0E95B900FAFEC5 /* main.m */,
			);
			name = "Supporting Files";
			sourceTree = "<group>";
		};
		5CCDCD751F0E97A400FAFEC5 /* Resource */ = {
			isa = PBXGroup;
			children = (
				5C8A6FD91F18FB7300877EFD /* menu.png */,
				5C8A6FDA1F18FB7300877EFD /* menu2x.png */,
				5C8A6FDB1F18FB7300877EFD /* menu3x.png */,
			);
			name = Resource;
			sourceTree = "<group>";
		};
/* End PBXGroup section */

/* Begin PBXNativeTarget section */
		5CCDCD5A1F0E95B900FAFEC5 /* Gamperl */ = {
			isa = PBXNativeTarget;
			buildConfigurationList = 5CCDCD721F0E95B900FAFEC5 /* Build configuration list for PBXNativeTarget "Gamperl" */;
			buildPhases = (
				5CCDCD571F0E95B900FAFEC5 /* Sources */,
				5CCDCD581F0E95B900FAFEC5 /* Frameworks */,
				5CCDCD591F0E95B900FAFEC5 /* Resources */,
			);
			buildRules = (
			);
			dependencies = (
			);
			name = Gamperl;
			productName = Gamperl;
			productReference = 5CCDCD5B1F0E95B900FAFEC5 /* Gamperl.app */;
			productType = "com.apple.product-type.application";
		};
/* End PBXNativeTarget section */

/* Begin PBXProject section */
		5CCDCD531F0E95B900FAFEC5 /* Project object */ = {
			isa = PBXProject;
			attributes = {
				LastUpgradeCheck = 0830;
				ORGANIZATIONNAME = SaTHYa;
				TargetAttributes = {
					5CCDCD5A1F0E95B900FAFEC5 = {
						CreatedOnToolsVersion = 8.3.2;
						DevelopmentTeam = C462ZD5428;
						ProvisioningStyle = Automatic;
					};
				};
			};
			buildConfigurationList = 5CCDCD561F0E95B900FAFEC5 /* Build configuration list for PBXProject "Gamperl" */;
			compatibilityVersion = "Xcode 3.2";
			developmentRegion = English;
			hasScannedForEncodings = 0;
			knownRegions = (
				en,
				Base,
			);
			mainGroup = 5CCDCD521F0E95B900FAFEC5;
			productRefGroup = 5CCDCD5C1F0E95B900FAFEC5 /* Products */;
			projectDirPath = "";
			projectRoot = "";
			targets = (
				5CCDCD5A1F0E95B900FAFEC5 /* Gamperl */,
			);
		};
/* End PBXProject section */

/* Begin PBXResourcesBuildPhase section */
		5CCDCD591F0E95B900FAFEC5 /* Resources */ = {
			isa = PBXResourcesBuildPhase;
			buildActionMask = 2147483647;
			files = (
				5C8A6FDD1F18FB7300877EFD /* menu2x.png in Resources */,
				5C8A6FDC1F18FB7300877EFD /* menu.png in Resources */,
				5C781BEA1F1B335D007B5660 /* CustomTableCell.xib in Resources */,
				5CCDCD6E1F0E95B900FAFEC5 /* LaunchScreen.storyboard in Resources */,
				5C8A6FDE1F18FB7300877EFD /* menu3x.png in Resources */,
				5CCDCD6B1F0E95B900FAFEC5 /* Assets.xcassets in Resources */,
				5CCDCD691F0E95B900FAFEC5 /* Main.storyboard in Resources */,
			);
			runOnlyForDeploymentPostprocessing = 0;
		};
/* End PBXResourcesBuildPhase section */

/* Begin PBXSourcesBuildPhase section */
		5CCDCD571F0E95B900FAFEC5 /* Sources */ = {
			isa = PBXSourcesBuildPhase;
			buildActionMask = 2147483647;
			files = (
				5CCDCD661F0E95B900FAFEC5 /* ViewController.m in Sources */,
				5C8A70491F1A393800877EFD /* FSCalendarDelegationProxy.m in Sources */,
				5C8A70481F1A393800877EFD /* FSCalendarDelegationFactory.m in Sources */,
				5C8A70461F1A393800877EFD /* FSCalendarCollectionViewLayout.m in Sources */,
				5C8A704A1F1A393800877EFD /* FSCalendarExtensions.m in Sources */,
				5C781BE91F1B335D007B5660 /* CustomTableCell.m in Sources */,
				5C1CA30B1F17B97E00447529 /* ResendViewController.m in Sources */,
				5C8A70521F1A890300877EFD /* ListRequestsViewController.m in Sources */,
				5C8A704F1F1A393800877EFD /* FSCalendarWeekdayView.m in Sources */,
				5C8A704D1F1A393800877EFD /* FSCalendarStickyHeader.m in Sources */,
				5C8A70401F1A393800877EFD /* FSCalendar.m in Sources */,
				5C1CA3051F17B7DF00447529 /* RegisterViewController.m in Sources */,
				5CCDCD631F0E95B900FAFEC5 /* AppDelegate.m in Sources */,
				5C1CA3081F17B85600447529 /* AcceptedViewController.m in Sources */,
				5C8A6FE11F19C9C200877EFD /* DashboardViewController.m in Sources */,
				5C1CA3021F17B4AF00447529 /* LoginUserViewController.m in Sources */,
				5C8A704E1F1A393800877EFD /* FSCalendarTransitionCoordinator.m in Sources */,
				5C8A704C1F1A393800877EFD /* FSCalendarScopeHandle.m in Sources */,
				5C8A6FE71F19CB4000877EFD /* MenuViewController.m in Sources */,
				5C8A70421F1A393800877EFD /* FSCalendarAppearance.m in Sources */,
				5CCDCD601F0E95B900FAFEC5 /* main.m in Sources */,
				5C8A6FE41F19CA2300877EFD /* ProfileViewController.m in Sources */,
				5C8A704B1F1A393800877EFD /* FSCalendarHeaderView.m in Sources */,
				5C8A70411F1A393800877EFD /* FSCalendar+Deprecated.m in Sources */,
				5C8A70451F1A393800877EFD /* FSCalendarCollectionView.m in Sources */,
				5C1CA30E1F17E21D00447529 /* CALayer+XibConfiguration.m in Sources */,
				5C8A70471F1A393800877EFD /* FSCalendarConstants.m in Sources */,
				5C8A70431F1A393800877EFD /* FSCalendarCalculator.m in Sources */,
				5C8A70441F1A393800877EFD /* FSCalendarCell.m in Sources */,
				5C1CA2FF1F17B09300447529 /* FirstViewController.m in Sources */,
			);
			runOnlyForDeploymentPostprocessing = 0;
		};
/* End PBXSourcesBuildPhase section */

/* Begin PBXVariantGroup section */
		5CCDCD671F0E95B900FAFEC5 /* Main.storyboard */ = {
			isa = PBXVariantGroup;
			children = (
				5CCDCD681F0E95B900FAFEC5 /* Base */,
			);
			name = Main.storyboard;
			sourceTree = "<group>";
		};
		5CCDCD6C1F0E95B900FAFEC5 /* LaunchScreen.storyboard */ = {
			isa = PBXVariantGroup;
			children = (
				5CCDCD6D1F0E95B900FAFEC5 /* Base */,
			);
			name = LaunchScreen.storyboard;
			sourceTree = "<group>";
		};
/* End PBXVariantGroup section */

/* Begin XCBuildConfiguration section */
		5CCDCD701F0E95B900FAFEC5 /* Debug */ = {
			isa = XCBuildConfiguration;
			buildSettings = {
				ALWAYS_SEARCH_USER_PATHS = NO;
				CLANG_ANALYZER_NONNULL = YES;
				CLANG_ANALYZER_NUMBER_OBJECT_CONVERSION = YES_AGGRESSIVE;
				CLANG_CXX_LANGUAGE_STANDARD = "gnu++0x";
				CLANG_CXX_LIBRARY = "libc++";
				CLANG_ENABLE_MODULES = YES;
				CLANG_ENABLE_OBJC_ARC = YES;
				CLANG_WARN_BOOL_CONVERSION = YES;
				CLANG_WARN_CONSTANT_CONVERSION = YES;
				CLANG_WARN_DIRECT_OBJC_ISA_USAGE = YES_ERROR;
				CLANG_WARN_DOCUMENTATION_COMMENTS = YES;
				CLANG_WARN_EMPTY_BODY = YES;
				CLANG_WARN_ENUM_CONVERSION = YES;
				CLANG_WARN_INFINITE_RECURSION = YES;
				CLANG_WARN_INT_CONVERSION = YES;
				CLANG_WARN_OBJC_ROOT_CLASS = YES_ERROR;
				CLANG_WARN_SUSPICIOUS_MOVE = YES;
				CLANG_WARN_UNREACHABLE_CODE = YES;
				CLANG_WARN__DUPLICATE_METHOD_MATCH = YES;
				"CODE_SIGN_IDENTITY[sdk=iphoneos*]" = "iPhone Developer";
				COPY_PHASE_STRIP = NO;
				DEBUG_INFORMATION_FORMAT = dwarf;
				ENABLE_STRICT_OBJC_MSGSEND = YES;
				ENABLE_TESTABILITY = YES;
				GCC_C_LANGUAGE_STANDARD = gnu99;
				GCC_DYNAMIC_NO_PIC = NO;
				GCC_NO_COMMON_BLOCKS = YES;
				GCC_OPTIMIZATION_LEVEL = 0;
				GCC_PREPROCESSOR_DEFINITIONS = (
					"DEBUG=1",
					"$(inherited)",
				);
				GCC_WARN_64_TO_32_BIT_CONVERSION = YES;
				GCC_WARN_ABOUT_RETURN_TYPE = YES_ERROR;
				GCC_WARN_UNDECLARED_SELECTOR = YES;
				GCC_WARN_UNINITIALIZED_AUTOS = YES_AGGRESSIVE;
				GCC_WARN_UNUSED_FUNCTION = YES;
				GCC_WARN_UNUSED_VARIABLE = YES;
				IPHONEOS_DEPLOYMENT_TARGET = 10.3;
				MTL_ENABLE_DEBUG_INFO = YES;
				ONLY_ACTIVE_ARCH = YES;
				SDKROOT = iphoneos;
			};
			name = Debug;
		};
		5CCDCD711F0E95B900FAFEC5 /* Release */ = {
			isa = XCBuildConfiguration;
			buildSettings = {
				ALWAYS_SEARCH_USER_PATHS = NO;
				CLANG_ANALYZER_NONNULL = YES;
				CLANG_ANALYZER_NUMBER_OBJECT_CONVERSION = YES_AGGRESSIVE;
				CLANG_CXX_LANGUAGE_STANDARD = "gnu++0x";
				CLANG_CXX_LIBRARY = "libc++";
				CLANG_ENABLE_MODULES = YES;
				CLANG_ENABLE_OBJC_ARC = YES;
				CLANG_WARN_BOOL_CONVERSION = YES;
				CLANG_WARN_CONSTANT_CONVERSION = YES;
				CLANG_WARN_DIRECT_OBJC_ISA_USAGE = YES_ERROR;
				CLANG_WARN_DOCUMENTATION_COMMENTS = YES;
				CLANG_WARN_EMPTY_BODY = YES;
				CLANG_WARN_ENUM_CONVERSION = YES;
				CLANG_WARN_INFINITE_RECURSION = YES;
				CLANG_WARN_INT_CONVERSION = YES;
				CLANG_WARN_OBJC_ROOT_CLASS = YES_ERROR;
				CLANG_WARN_SUSPICIOUS_MOVE = YES;
				CLANG_WARN_UNREACHABLE_CODE = YES;
				CLANG_WARN__DUPLICATE_METHOD_MATCH = YES;
				"CODE_SIGN_IDENTITY[sdk=iphoneos*]" = "iPhone Developer";
				COPY_PHASE_STRIP = NO;
				DEBUG_INFORMATION_FORMAT = "dwarf-with-dsym";
				ENABLE_NS_ASSERTIONS = NO;
				ENABLE_STRICT_OBJC_MSGSEND = YES;
				GCC_C_LANGUAGE_STANDARD = gnu99;
				GCC_NO_COMMON_BLOCKS = YES;
				GCC_WARN_64_TO_32_BIT_CONVERSION = YES;
				GCC_WARN_ABOUT_RETURN_TYPE = YES_ERROR;
				GCC_WARN_UNDECLARED_SELECTOR = YES;
				GCC_WARN_UNINITIALIZED_AUTOS = YES_AGGRESSIVE;
				GCC_WARN_UNUSED_FUNCTION = YES;
				GCC_WARN_UNUSED_VARIABLE = YES;
				IPHONEOS_DEPLOYMENT_TARGET = 10.3;
				MTL_ENABLE_DEBUG_INFO = NO;
				SDKROOT = iphoneos;
				VALIDATE_PRODUCT = YES;
			};
			name = Release;
		};
		5CCDCD731F0E95B900FAFEC5 /* Debug */ = {
			isa = XCBuildConfiguration;
			buildSettings = {
				ASSETCATALOG_COMPILER_APPICON_NAME = AppIcon;
				DEVELOPMENT_TEAM = C462ZD5428;
				INFOPLIST_FILE = Gamperl/Info.plist;
				IPHONEOS_DEPLOYMENT_TARGET = 9.0;
				LD_RUNPATH_SEARCH_PATHS = "$(inherited) @executable_path/Frameworks";
				PRODUCT_BUNDLE_IDENTIFIER = com.andrew.gamperl;
				PRODUCT_NAME = "$(TARGET_NAME)";
			};
			name = Debug;
		};
		5CCDCD741F0E95B900FAFEC5 /* Release */ = {
			isa = XCBuildConfiguration;
			buildSettings = {
				ASSETCATALOG_COMPILER_APPICON_NAME = AppIcon;
				DEVELOPMENT_TEAM = C462ZD5428;
				INFOPLIST_FILE = Gamperl/Info.plist;
				IPHONEOS_DEPLOYMENT_TARGET = 9.0;
				LD_RUNPATH_SEARCH_PATHS = "$(inherited) @executable_path/Frameworks";
				PRODUCT_BUNDLE_IDENTIFIER = com.andrew.gamperl;
				PRODUCT_NAME = "$(TARGET_NAME)";
			};
			name = Release;
		};
/* End XCBuildConfiguration section */

/* Begin XCConfigurationList section */
		5CCDCD561F0E95B900FAFEC5 /* Build configuration list for PBXProject "Gamperl" */ = {
			isa = XCConfigurationList;
			buildConfigurations = (
				5CCDCD701F0E95B900FAFEC5 /* Debug */,
				5CCDCD711F0E95B900FAFEC5 /* Release */,
			);
			defaultConfigurationIsVisible = 0;
			defaultConfigurationName = Release;
		};
		5CCDCD721F0E95B900FAFEC5 /* Build configuration list for PBXNativeTarget "Gamperl" */ = {
			isa = XCConfigurationList;
			buildConfigurations = (
				5CCDCD731F0E95B900FAFEC5 /* Debug */,
				5CCDCD741F0E95B900FAFEC5 /* Release */,
			);
			defaultConfigurationIsVisible = 0;
			defaultConfigurationName = Release;
		};
/* End XCConfigurationList section */
	};
	rootObject = 5CCDCD531F0E95B900FAFEC5 /* Project object */;
}
